
Microsoft Visual Studio Solution File, Format Version 12.00
# Visual Studio Version 16
VisualStudioVersion = 16.0.29613.14
MinimumVisualStudioVersion = 10.0.40219.1
Project("{FAE04EC0-301F-11D3-BF4B-00C04F79EFBC}") = "AspnetCore_WebApi", "AspnetCore_WebApi\AspnetCore_WebApi.csproj", "{AD7785BD-E019-439D-A5F1-45CA0D4015F6}"
EndProject
Global
	GlobalSection(SolutionConfigurationPlatforms) = preSolution
		Debug|Any CPU = Debug|Any CPU
		Release|Any CPU = Release|Any CPU
	EndGlobalSection
	GlobalSection(ProjectConfigurationPlatforms) = postSolution
		{AD7785BD-E019-439D-A5F1-45CA0D4015F6}.Debug|Any CPU.ActiveCfg = Debug|Any CPU
		{AD7785BD-E019-439D-A5F1-45CA0D4015F6}.Debug|Any CPU.Build.0 = Debug|Any CPU
		{AD7785BD-E019-439D-A5F1-45CA0D4015F6}.Release|Any CPU.ActiveCfg = Release|Any CPU
		{AD7785BD-E019-439D-A5F1-45CA0D4015F6}.Release|Any CPU.Build.0 = Release|Any CPU
	EndGlobalSection
	GlobalSection(SolutionProperties) = preSolution
		HideSolutionNode = FALSE
	EndGlobalSection
	GlobalSection(ExtensibilityGlobals) = postSolution
		SolutionGuid = {C038E389-90CD-405E-AC87-E8E5BD9519A3}
	EndGlobalSection
EndGlobal
