
Microsoft Visual Studio Solution File, Format Version 12.00
# Visual Studio Version 16
VisualStudioVersion = 16.0.29613.14
MinimumVisualStudioVersion = 10.0.40219.1
Project("{FAE04EC0-301F-11D3-BF4B-00C04F79EFBC}") = "app.Android", "app\app.Android\app.Android.csproj", "{353C0A60-9288-47F6-90B5-A21F2885A181}"
EndProject
Project("{FAE04EC0-301F-11D3-BF4B-00C04F79EFBC}") = "app", "app\app\app.csproj", "{3DA237BD-E760-4A27-8201-2D2BC0CB9EA8}"
EndProject
Global
	GlobalSection(SolutionConfigurationPlatforms) = preSolution
		Debug|Any CPU = Debug|Any CPU
		Release|Any CPU = Release|Any CPU
	EndGlobalSection
	GlobalSection(ProjectConfigurationPlatforms) = postSolution
		{353C0A60-9288-47F6-90B5-A21F2885A181}.Debug|Any CPU.ActiveCfg = Debug|Any CPU
		{353C0A60-9288-47F6-90B5-A21F2885A181}.Debug|Any CPU.Build.0 = Debug|Any CPU
		{353C0A60-9288-47F6-90B5-A21F2885A181}.Debug|Any CPU.Deploy.0 = Debug|Any CPU
		{353C0A60-9288-47F6-90B5-A21F2885A181}.Release|Any CPU.ActiveCfg = Release|Any CPU
		{353C0A60-9288-47F6-90B5-A21F2885A181}.Release|Any CPU.Build.0 = Release|Any CPU
		{353C0A60-9288-47F6-90B5-A21F2885A181}.Release|Any CPU.Deploy.0 = Release|Any CPU
		{3DA237BD-E760-4A27-8201-2D2BC0CB9EA8}.Debug|Any CPU.ActiveCfg = Debug|Any CPU
		{3DA237BD-E760-4A27-8201-2D2BC0CB9EA8}.Debug|Any CPU.Build.0 = Debug|Any CPU
		{3DA237BD-E760-4A27-8201-2D2BC0CB9EA8}.Debug|Any CPU.Deploy.0 = Debug|Any CPU
		{3DA237BD-E760-4A27-8201-2D2BC0CB9EA8}.Release|Any CPU.ActiveCfg = Release|Any CPU
		{3DA237BD-E760-4A27-8201-2D2BC0CB9EA8}.Release|Any CPU.Build.0 = Release|Any CPU
		{3DA237BD-E760-4A27-8201-2D2BC0CB9EA8}.Release|Any CPU.Deploy.0 = Release|Any CPU
	EndGlobalSection
	GlobalSection(SolutionProperties) = preSolution
		HideSolutionNode = FALSE
	EndGlobalSection
	GlobalSection(ExtensibilityGlobals) = postSolution
		SolutionGuid = {D77A0871-E66C-4238-B180-F2C6237527C7}
	EndGlobalSection
EndGlobal
