
Microsoft Visual Studio Solution File, Format Version 12.00
# Visual Studio Version 16
VisualStudioVersion = 16.0.30225.117
MinimumVisualStudioVersion = 10.0.40219.1
Project("{FAE04EC0-301F-11D3-BF4B-00C04F79EFBC}") = "App.Android", "App\App.Android\App.Android.csproj", "{58B107CC-1BF4-4238-B89E-8A752E5BF410}"
EndProject
Project("{FAE04EC0-301F-11D3-BF4B-00C04F79EFBC}") = "App.iOS", "App\App.iOS\App.iOS.csproj", "{F44BF541-1825-4E45-9715-66C118065CCB}"
EndProject
Project("{FAE04EC0-301F-11D3-BF4B-00C04F79EFBC}") = "App", "App\App\App.csproj", "{1F13FB3D-091B-4FE7-8FC8-F75BC6D9297E}"
EndProject
Global
	GlobalSection(SolutionConfigurationPlatforms) = preSolution
		Debug|Any CPU = Debug|Any CPU
		Debug|iPhone = Debug|iPhone
		Debug|iPhoneSimulator = Debug|iPhoneSimulator
		Release|Any CPU = Release|Any CPU
		Release|iPhone = Release|iPhone
		Release|iPhoneSimulator = Release|iPhoneSimulator
	EndGlobalSection
	GlobalSection(ProjectConfigurationPlatforms) = postSolution
		{58B107CC-1BF4-4238-B89E-8A752E5BF410}.Debug|Any CPU.ActiveCfg = Debug|Any CPU
		{58B107CC-1BF4-4238-B89E-8A752E5BF410}.Debug|Any CPU.Build.0 = Debug|Any CPU
		{58B107CC-1BF4-4238-B89E-8A752E5BF410}.Debug|Any CPU.Deploy.0 = Debug|Any CPU
		{58B107CC-1BF4-4238-B89E-8A752E5BF410}.Debug|iPhone.ActiveCfg = Debug|Any CPU
		{58B107CC-1BF4-4238-B89E-8A752E5BF410}.Debug|iPhone.Build.0 = Debug|Any CPU
		{58B107CC-1BF4-4238-B89E-8A752E5BF410}.Debug|iPhone.Deploy.0 = Debug|Any CPU
		{58B107CC-1BF4-4238-B89E-8A752E5BF410}.Debug|iPhoneSimulator.ActiveCfg = Debug|Any CPU
		{58B107CC-1BF4-4238-B89E-8A752E5BF410}.Debug|iPhoneSimulator.Build.0 = Debug|Any CPU
		{58B107CC-1BF4-4238-B89E-8A752E5BF410}.Debug|iPhoneSimulator.Deploy.0 = Debug|Any CPU
		{58B107CC-1BF4-4238-B89E-8A752E5BF410}.Release|Any CPU.ActiveCfg = Release|Any CPU
		{58B107CC-1BF4-4238-B89E-8A752E5BF410}.Release|Any CPU.Build.0 = Release|Any CPU
		{58B107CC-1BF4-4238-B89E-8A752E5BF410}.Release|Any CPU.Deploy.0 = Release|Any CPU
		{58B107CC-1BF4-4238-B89E-8A752E5BF410}.Release|iPhone.ActiveCfg = Release|Any CPU
		{58B107CC-1BF4-4238-B89E-8A752E5BF410}.Release|iPhone.Build.0 = Release|Any CPU
		{58B107CC-1BF4-4238-B89E-8A752E5BF410}.Release|iPhone.Deploy.0 = Release|Any CPU
		{58B107CC-1BF4-4238-B89E-8A752E5BF410}.Release|iPhoneSimulator.ActiveCfg = Release|Any CPU
		{58B107CC-1BF4-4238-B89E-8A752E5BF410}.Release|iPhoneSimulator.Build.0 = Release|Any CPU
		{58B107CC-1BF4-4238-B89E-8A752E5BF410}.Release|iPhoneSimulator.Deploy.0 = Release|Any CPU
		{F44BF541-1825-4E45-9715-66C118065CCB}.Debug|Any CPU.ActiveCfg = Debug|iPhone
		{F44BF541-1825-4E45-9715-66C118065CCB}.Debug|Any CPU.Build.0 = Debug|iPhone
		{F44BF541-1825-4E45-9715-66C118065CCB}.Debug|Any CPU.Deploy.0 = Debug|iPhone
		{F44BF541-1825-4E45-9715-66C118065CCB}.Debug|iPhone.ActiveCfg = Debug|iPhone
		{F44BF541-1825-4E45-9715-66C118065CCB}.Debug|iPhone.Build.0 = Debug|iPhone
		{F44BF541-1825-4E45-9715-66C118065CCB}.Debug|iPhone.Deploy.0 = Debug|iPhone
		{F44BF541-1825-4E45-9715-66C118065CCB}.Debug|iPhoneSimulator.ActiveCfg = Debug|iPhoneSimulator
		{F44BF541-1825-4E45-9715-66C118065CCB}.Debug|iPhoneSimulator.Build.0 = Debug|iPhoneSimulator
		{F44BF541-1825-4E45-9715-66C118065CCB}.Debug|iPhoneSimulator.Deploy.0 = Debug|iPhoneSimulator
		{F44BF541-1825-4E45-9715-66C118065CCB}.Release|Any CPU.ActiveCfg = Release|iPhone
		{F44BF541-1825-4E45-9715-66C118065CCB}.Release|Any CPU.Build.0 = Release|iPhone
		{F44BF541-1825-4E45-9715-66C118065CCB}.Release|Any CPU.Deploy.0 = Release|iPhone
		{F44BF541-1825-4E45-9715-66C118065CCB}.Release|iPhone.ActiveCfg = Release|iPhone
		{F44BF541-1825-4E45-9715-66C118065CCB}.Release|iPhone.Build.0 = Release|iPhone
		{F44BF541-1825-4E45-9715-66C118065CCB}.Release|iPhone.Deploy.0 = Release|iPhone
		{F44BF541-1825-4E45-9715-66C118065CCB}.Release|iPhoneSimulator.ActiveCfg = Release|iPhoneSimulator
		{F44BF541-1825-4E45-9715-66C118065CCB}.Release|iPhoneSimulator.Build.0 = Release|iPhoneSimulator
		{F44BF541-1825-4E45-9715-66C118065CCB}.Release|iPhoneSimulator.Deploy.0 = Release|iPhoneSimulator
		{1F13FB3D-091B-4FE7-8FC8-F75BC6D9297E}.Debug|Any CPU.ActiveCfg = Debug|Any CPU
		{1F13FB3D-091B-4FE7-8FC8-F75BC6D9297E}.Debug|Any CPU.Build.0 = Debug|Any CPU
		{1F13FB3D-091B-4FE7-8FC8-F75BC6D9297E}.Debug|Any CPU.Deploy.0 = Debug|Any CPU
		{1F13FB3D-091B-4FE7-8FC8-F75BC6D9297E}.Debug|iPhone.ActiveCfg = Debug|Any CPU
		{1F13FB3D-091B-4FE7-8FC8-F75BC6D9297E}.Debug|iPhone.Build.0 = Debug|Any CPU
		{1F13FB3D-091B-4FE7-8FC8-F75BC6D9297E}.Debug|iPhone.Deploy.0 = Debug|Any CPU
		{1F13FB3D-091B-4FE7-8FC8-F75BC6D9297E}.Debug|iPhoneSimulator.ActiveCfg = Debug|Any CPU
		{1F13FB3D-091B-4FE7-8FC8-F75BC6D9297E}.Debug|iPhoneSimulator.Build.0 = Debug|Any CPU
		{1F13FB3D-091B-4FE7-8FC8-F75BC6D9297E}.Debug|iPhoneSimulator.Deploy.0 = Debug|Any CPU
		{1F13FB3D-091B-4FE7-8FC8-F75BC6D9297E}.Release|Any CPU.ActiveCfg = Release|Any CPU
		{1F13FB3D-091B-4FE7-8FC8-F75BC6D9297E}.Release|Any CPU.Build.0 = Release|Any CPU
		{1F13FB3D-091B-4FE7-8FC8-F75BC6D9297E}.Release|Any CPU.Deploy.0 = Release|Any CPU
		{1F13FB3D-091B-4FE7-8FC8-F75BC6D9297E}.Release|iPhone.ActiveCfg = Release|Any CPU
		{1F13FB3D-091B-4FE7-8FC8-F75BC6D9297E}.Release|iPhone.Build.0 = Release|Any CPU
		{1F13FB3D-091B-4FE7-8FC8-F75BC6D9297E}.Release|iPhone.Deploy.0 = Release|Any CPU
		{1F13FB3D-091B-4FE7-8FC8-F75BC6D9297E}.Release|iPhoneSimulator.ActiveCfg = Release|Any CPU
		{1F13FB3D-091B-4FE7-8FC8-F75BC6D9297E}.Release|iPhoneSimulator.Build.0 = Release|Any CPU
		{1F13FB3D-091B-4FE7-8FC8-F75BC6D9297E}.Release|iPhoneSimulator.Deploy.0 = Release|Any CPU
	EndGlobalSection
	GlobalSection(SolutionProperties) = preSolution
		HideSolutionNode = FALSE
	EndGlobalSection
	GlobalSection(ExtensibilityGlobals) = postSolution
		SolutionGuid = {35CF7C7D-0E77-46E4-AE82-D9FD07173DA2}
	EndGlobalSection
EndGlobal
