
Microsoft Visual Studio Solution File, Format Version 12.00
# Visual Studio Version 16
VisualStudioVersion = 16.0.30517.126
MinimumVisualStudioVersion = 10.0.40219.1
Project("{FAE04EC0-301F-11D3-BF4B-00C04F79EFBC}") = "App.Android", "App\App.Android\App.Android.csproj", "{DA57CC25-A508-415C-AFEC-B9C22297D6FD}"
EndProject
Project("{FAE04EC0-301F-11D3-BF4B-00C04F79EFBC}") = "App", "App\App\App.csproj", "{0E992B6A-9959-4741-ABD1-92ADB8ADF95B}"
EndProject
Global
	GlobalSection(SolutionConfigurationPlatforms) = preSolution
		Debug|Any CPU = Debug|Any CPU
		Release|Any CPU = Release|Any CPU
	EndGlobalSection
	GlobalSection(ProjectConfigurationPlatforms) = postSolution
		{DA57CC25-A508-415C-AFEC-B9C22297D6FD}.Debug|Any CPU.ActiveCfg = Debug|Any CPU
		{DA57CC25-A508-415C-AFEC-B9C22297D6FD}.Debug|Any CPU.Build.0 = Debug|Any CPU
		{DA57CC25-A508-415C-AFEC-B9C22297D6FD}.Debug|Any CPU.Deploy.0 = Debug|Any CPU
		{DA57CC25-A508-415C-AFEC-B9C22297D6FD}.Release|Any CPU.ActiveCfg = Release|Any CPU
		{DA57CC25-A508-415C-AFEC-B9C22297D6FD}.Release|Any CPU.Build.0 = Release|Any CPU
		{DA57CC25-A508-415C-AFEC-B9C22297D6FD}.Release|Any CPU.Deploy.0 = Release|Any CPU
		{0E992B6A-9959-4741-ABD1-92ADB8ADF95B}.Debug|Any CPU.ActiveCfg = Debug|Any CPU
		{0E992B6A-9959-4741-ABD1-92ADB8ADF95B}.Debug|Any CPU.Build.0 = Debug|Any CPU
		{0E992B6A-9959-4741-ABD1-92ADB8ADF95B}.Debug|Any CPU.Deploy.0 = Debug|Any CPU
		{0E992B6A-9959-4741-ABD1-92ADB8ADF95B}.Release|Any CPU.ActiveCfg = Release|Any CPU
		{0E992B6A-9959-4741-ABD1-92ADB8ADF95B}.Release|Any CPU.Build.0 = Release|Any CPU
		{0E992B6A-9959-4741-ABD1-92ADB8ADF95B}.Release|Any CPU.Deploy.0 = Release|Any CPU
	EndGlobalSection
	GlobalSection(SolutionProperties) = preSolution
		HideSolutionNode = FALSE
	EndGlobalSection
	GlobalSection(ExtensibilityGlobals) = postSolution
		SolutionGuid = {5B354033-D63E-4291-8BC3-348DD8E04405}
	EndGlobalSection
EndGlobal
