
Microsoft Visual Studio Solution File, Format Version 12.00
# Visual Studio Version 16
VisualStudioVersion = 16.0.30225.117
MinimumVisualStudioVersion = 10.0.40219.1
Project("{FAE04EC0-301F-11D3-BF4B-00C04F79EFBC}") = "App.Android", "App\App.Android\App.Android.csproj", "{0C4DE920-BA84-45C7-828F-0A80B054DC17}"
EndProject
Project("{FAE04EC0-301F-11D3-BF4B-00C04F79EFBC}") = "App", "App\App\App.csproj", "{151CD81B-5F43-4A7E-B122-90446B357324}"
EndProject
Global
	GlobalSection(SolutionConfigurationPlatforms) = preSolution
		Debug|Any CPU = Debug|Any CPU
		Release|Any CPU = Release|Any CPU
	EndGlobalSection
	GlobalSection(ProjectConfigurationPlatforms) = postSolution
		{0C4DE920-BA84-45C7-828F-0A80B054DC17}.Debug|Any CPU.ActiveCfg = Debug|Any CPU
		{0C4DE920-BA84-45C7-828F-0A80B054DC17}.Debug|Any CPU.Build.0 = Debug|Any CPU
		{0C4DE920-BA84-45C7-828F-0A80B054DC17}.Debug|Any CPU.Deploy.0 = Debug|Any CPU
		{0C4DE920-BA84-45C7-828F-0A80B054DC17}.Release|Any CPU.ActiveCfg = Release|Any CPU
		{0C4DE920-BA84-45C7-828F-0A80B054DC17}.Release|Any CPU.Build.0 = Release|Any CPU
		{0C4DE920-BA84-45C7-828F-0A80B054DC17}.Release|Any CPU.Deploy.0 = Release|Any CPU
		{151CD81B-5F43-4A7E-B122-90446B357324}.Debug|Any CPU.ActiveCfg = Debug|Any CPU
		{151CD81B-5F43-4A7E-B122-90446B357324}.Debug|Any CPU.Build.0 = Debug|Any CPU
		{151CD81B-5F43-4A7E-B122-90446B357324}.Debug|Any CPU.Deploy.0 = Debug|Any CPU
		{151CD81B-5F43-4A7E-B122-90446B357324}.Release|Any CPU.ActiveCfg = Release|Any CPU
		{151CD81B-5F43-4A7E-B122-90446B357324}.Release|Any CPU.Build.0 = Release|Any CPU
		{151CD81B-5F43-4A7E-B122-90446B357324}.Release|Any CPU.Deploy.0 = Release|Any CPU
	EndGlobalSection
	GlobalSection(SolutionProperties) = preSolution
		HideSolutionNode = FALSE
	EndGlobalSection
	GlobalSection(ExtensibilityGlobals) = postSolution
		SolutionGuid = {AFAED1C3-A1E0-4579-8D7B-7B3CAC70240E}
	EndGlobalSection
EndGlobal
