
Microsoft Visual Studio Solution File, Format Version 12.00
# Visual Studio Version 16
VisualStudioVersion = 16.0.30517.126
MinimumVisualStudioVersion = 10.0.40219.1
Project("{FAE04EC0-301F-11D3-BF4B-00C04F79EFBC}") = "App.Android", "App\App.Android\App.Android.csproj", "{95A09F95-7627-4502-8AD1-32C12A097799}"
EndProject
Project("{FAE04EC0-301F-11D3-BF4B-00C04F79EFBC}") = "App.iOS", "App\App.iOS\App.iOS.csproj", "{2B3173D3-6713-4B5F-954D-58464EC28472}"
EndProject
Project("{FAE04EC0-301F-11D3-BF4B-00C04F79EFBC}") = "App", "App\App\App.csproj", "{384BD75F-DC62-4246-A34C-ED0647F42B7F}"
EndProject
Global
	GlobalSection(SolutionConfigurationPlatforms) = preSolution
		Debug|Any CPU = Debug|Any CPU
		Debug|iPhone = Debug|iPhone
		Debug|iPhoneSimulator = Debug|iPhoneSimulator
		Release|Any CPU = Release|Any CPU
		Release|iPhone = Release|iPhone
		Release|iPhoneSimulator = Release|iPhoneSimulator
	EndGlobalSection
	GlobalSection(ProjectConfigurationPlatforms) = postSolution
		{95A09F95-7627-4502-8AD1-32C12A097799}.Debug|Any CPU.ActiveCfg = Debug|Any CPU
		{95A09F95-7627-4502-8AD1-32C12A097799}.Debug|Any CPU.Build.0 = Debug|Any CPU
		{95A09F95-7627-4502-8AD1-32C12A097799}.Debug|Any CPU.Deploy.0 = Debug|Any CPU
		{95A09F95-7627-4502-8AD1-32C12A097799}.Debug|iPhone.ActiveCfg = Debug|Any CPU
		{95A09F95-7627-4502-8AD1-32C12A097799}.Debug|iPhone.Build.0 = Debug|Any CPU
		{95A09F95-7627-4502-8AD1-32C12A097799}.Debug|iPhone.Deploy.0 = Debug|Any CPU
		{95A09F95-7627-4502-8AD1-32C12A097799}.Debug|iPhoneSimulator.ActiveCfg = Debug|Any CPU
		{95A09F95-7627-4502-8AD1-32C12A097799}.Debug|iPhoneSimulator.Build.0 = Debug|Any CPU
		{95A09F95-7627-4502-8AD1-32C12A097799}.Debug|iPhoneSimulator.Deploy.0 = Debug|Any CPU
		{95A09F95-7627-4502-8AD1-32C12A097799}.Release|Any CPU.ActiveCfg = Release|Any CPU
		{95A09F95-7627-4502-8AD1-32C12A097799}.Release|Any CPU.Build.0 = Release|Any CPU
		{95A09F95-7627-4502-8AD1-32C12A097799}.Release|Any CPU.Deploy.0 = Release|Any CPU
		{95A09F95-7627-4502-8AD1-32C12A097799}.Release|iPhone.ActiveCfg = Release|Any CPU
		{95A09F95-7627-4502-8AD1-32C12A097799}.Release|iPhone.Build.0 = Release|Any CPU
		{95A09F95-7627-4502-8AD1-32C12A097799}.Release|iPhone.Deploy.0 = Release|Any CPU
		{95A09F95-7627-4502-8AD1-32C12A097799}.Release|iPhoneSimulator.ActiveCfg = Release|Any CPU
		{95A09F95-7627-4502-8AD1-32C12A097799}.Release|iPhoneSimulator.Build.0 = Release|Any CPU
		{95A09F95-7627-4502-8AD1-32C12A097799}.Release|iPhoneSimulator.Deploy.0 = Release|Any CPU
		{2B3173D3-6713-4B5F-954D-58464EC28472}.Debug|Any CPU.ActiveCfg = Debug|iPhone
		{2B3173D3-6713-4B5F-954D-58464EC28472}.Debug|Any CPU.Build.0 = Debug|iPhone
		{2B3173D3-6713-4B5F-954D-58464EC28472}.Debug|Any CPU.Deploy.0 = Debug|iPhone
		{2B3173D3-6713-4B5F-954D-58464EC28472}.Debug|iPhone.ActiveCfg = Debug|iPhone
		{2B3173D3-6713-4B5F-954D-58464EC28472}.Debug|iPhone.Build.0 = Debug|iPhone
		{2B3173D3-6713-4B5F-954D-58464EC28472}.Debug|iPhone.Deploy.0 = Debug|iPhone
		{2B3173D3-6713-4B5F-954D-58464EC28472}.Debug|iPhoneSimulator.ActiveCfg = Debug|iPhoneSimulator
		{2B3173D3-6713-4B5F-954D-58464EC28472}.Debug|iPhoneSimulator.Build.0 = Debug|iPhoneSimulator
		{2B3173D3-6713-4B5F-954D-58464EC28472}.Debug|iPhoneSimulator.Deploy.0 = Debug|iPhoneSimulator
		{2B3173D3-6713-4B5F-954D-58464EC28472}.Release|Any CPU.ActiveCfg = Release|iPhoneSimulator
		{2B3173D3-6713-4B5F-954D-58464EC28472}.Release|Any CPU.Build.0 = Release|iPhoneSimulator
		{2B3173D3-6713-4B5F-954D-58464EC28472}.Release|Any CPU.Deploy.0 = Release|iPhoneSimulator
		{2B3173D3-6713-4B5F-954D-58464EC28472}.Release|iPhone.ActiveCfg = Release|iPhone
		{2B3173D3-6713-4B5F-954D-58464EC28472}.Release|iPhone.Build.0 = Release|iPhone
		{2B3173D3-6713-4B5F-954D-58464EC28472}.Release|iPhone.Deploy.0 = Release|iPhone
		{2B3173D3-6713-4B5F-954D-58464EC28472}.Release|iPhoneSimulator.ActiveCfg = Release|iPhoneSimulator
		{2B3173D3-6713-4B5F-954D-58464EC28472}.Release|iPhoneSimulator.Build.0 = Release|iPhoneSimulator
		{2B3173D3-6713-4B5F-954D-58464EC28472}.Release|iPhoneSimulator.Deploy.0 = Release|iPhoneSimulator
		{384BD75F-DC62-4246-A34C-ED0647F42B7F}.Debug|Any CPU.ActiveCfg = Debug|Any CPU
		{384BD75F-DC62-4246-A34C-ED0647F42B7F}.Debug|Any CPU.Build.0 = Debug|Any CPU
		{384BD75F-DC62-4246-A34C-ED0647F42B7F}.Debug|Any CPU.Deploy.0 = Debug|Any CPU
		{384BD75F-DC62-4246-A34C-ED0647F42B7F}.Debug|iPhone.ActiveCfg = Debug|Any CPU
		{384BD75F-DC62-4246-A34C-ED0647F42B7F}.Debug|iPhone.Build.0 = Debug|Any CPU
		{384BD75F-DC62-4246-A34C-ED0647F42B7F}.Debug|iPhone.Deploy.0 = Debug|Any CPU
		{384BD75F-DC62-4246-A34C-ED0647F42B7F}.Debug|iPhoneSimulator.ActiveCfg = Debug|Any CPU
		{384BD75F-DC62-4246-A34C-ED0647F42B7F}.Debug|iPhoneSimulator.Build.0 = Debug|Any CPU
		{384BD75F-DC62-4246-A34C-ED0647F42B7F}.Debug|iPhoneSimulator.Deploy.0 = Debug|Any CPU
		{384BD75F-DC62-4246-A34C-ED0647F42B7F}.Release|Any CPU.ActiveCfg = Release|Any CPU
		{384BD75F-DC62-4246-A34C-ED0647F42B7F}.Release|Any CPU.Build.0 = Release|Any CPU
		{384BD75F-DC62-4246-A34C-ED0647F42B7F}.Release|Any CPU.Deploy.0 = Release|Any CPU
		{384BD75F-DC62-4246-A34C-ED0647F42B7F}.Release|iPhone.ActiveCfg = Release|Any CPU
		{384BD75F-DC62-4246-A34C-ED0647F42B7F}.Release|iPhone.Build.0 = Release|Any CPU
		{384BD75F-DC62-4246-A34C-ED0647F42B7F}.Release|iPhone.Deploy.0 = Release|Any CPU
		{384BD75F-DC62-4246-A34C-ED0647F42B7F}.Release|iPhoneSimulator.ActiveCfg = Release|Any CPU
		{384BD75F-DC62-4246-A34C-ED0647F42B7F}.Release|iPhoneSimulator.Build.0 = Release|Any CPU
		{384BD75F-DC62-4246-A34C-ED0647F42B7F}.Release|iPhoneSimulator.Deploy.0 = Release|Any CPU
	EndGlobalSection
	GlobalSection(SolutionProperties) = preSolution
		HideSolutionNode = FALSE
	EndGlobalSection
	GlobalSection(ExtensibilityGlobals) = postSolution
		SolutionGuid = {4AB2BC27-44A0-410B-AD85-44C4494FC934}
	EndGlobalSection
EndGlobal
