
Microsoft Visual Studio Solution File, Format Version 12.00
# Visual Studio Version 16
VisualStudioVersion = 16.0.29613.14
MinimumVisualStudioVersion = 10.0.40219.1
Project("{FAE04EC0-301F-11D3-BF4B-00C04F79EFBC}") = "app1_testeDrive.Android", "app1_testeDrive\app1_testeDrive.Android\app1_testeDrive.Android.csproj", "{8C0BBDBE-ADDC-465A-B634-D533143A591A}"
EndProject
Project("{FAE04EC0-301F-11D3-BF4B-00C04F79EFBC}") = "app1_testeDrive", "app1_testeDrive\app1_testeDrive\app1_testeDrive.csproj", "{58EE2BE5-FA2A-4ECB-ADDA-4B453065760E}"
EndProject
Global
	GlobalSection(SolutionConfigurationPlatforms) = preSolution
		Debug|Any CPU = Debug|Any CPU
		Release|Any CPU = Release|Any CPU
	EndGlobalSection
	GlobalSection(ProjectConfigurationPlatforms) = postSolution
		{8C0BBDBE-ADDC-465A-B634-D533143A591A}.Debug|Any CPU.ActiveCfg = Debug|Any CPU
		{8C0BBDBE-ADDC-465A-B634-D533143A591A}.Debug|Any CPU.Build.0 = Debug|Any CPU
		{8C0BBDBE-ADDC-465A-B634-D533143A591A}.Debug|Any CPU.Deploy.0 = Debug|Any CPU
		{8C0BBDBE-ADDC-465A-B634-D533143A591A}.Release|Any CPU.ActiveCfg = Release|Any CPU
		{8C0BBDBE-ADDC-465A-B634-D533143A591A}.Release|Any CPU.Build.0 = Release|Any CPU
		{8C0BBDBE-ADDC-465A-B634-D533143A591A}.Release|Any CPU.Deploy.0 = Release|Any CPU
		{58EE2BE5-FA2A-4ECB-ADDA-4B453065760E}.Debug|Any CPU.ActiveCfg = Debug|Any CPU
		{58EE2BE5-FA2A-4ECB-ADDA-4B453065760E}.Debug|Any CPU.Build.0 = Debug|Any CPU
		{58EE2BE5-FA2A-4ECB-ADDA-4B453065760E}.Debug|Any CPU.Deploy.0 = Debug|Any CPU
		{58EE2BE5-FA2A-4ECB-ADDA-4B453065760E}.Release|Any CPU.ActiveCfg = Release|Any CPU
		{58EE2BE5-FA2A-4ECB-ADDA-4B453065760E}.Release|Any CPU.Build.0 = Release|Any CPU
		{58EE2BE5-FA2A-4ECB-ADDA-4B453065760E}.Release|Any CPU.Deploy.0 = Release|Any CPU
	EndGlobalSection
	GlobalSection(SolutionProperties) = preSolution
		HideSolutionNode = FALSE
	EndGlobalSection
	GlobalSection(ExtensibilityGlobals) = postSolution
		SolutionGuid = {D7B7DEBC-794B-4878-884F-67BB2CE0920E}
	EndGlobalSection
EndGlobal
