
Microsoft Visual Studio Solution File, Format Version 12.00
# Visual Studio Version 16
VisualStudioVersion = 16.0.29613.14
MinimumVisualStudioVersion = 10.0.40219.1
Project("{FAE04EC0-301F-11D3-BF4B-00C04F79EFBC}") = "app.Android", "app\app.Android\app.Android.csproj", "{B0766827-9E56-48CA-A671-9E014153FC3F}"
EndProject
Project("{FAE04EC0-301F-11D3-BF4B-00C04F79EFBC}") = "app", "app\app\app.csproj", "{BC48ECD3-CB86-4FE6-A700-40FD9683C880}"
EndProject
Global
	GlobalSection(SolutionConfigurationPlatforms) = preSolution
		Debug|Any CPU = Debug|Any CPU
		Release|Any CPU = Release|Any CPU
	EndGlobalSection
	GlobalSection(ProjectConfigurationPlatforms) = postSolution
		{B0766827-9E56-48CA-A671-9E014153FC3F}.Debug|Any CPU.ActiveCfg = Debug|Any CPU
		{B0766827-9E56-48CA-A671-9E014153FC3F}.Debug|Any CPU.Build.0 = Debug|Any CPU
		{B0766827-9E56-48CA-A671-9E014153FC3F}.Debug|Any CPU.Deploy.0 = Debug|Any CPU
		{B0766827-9E56-48CA-A671-9E014153FC3F}.Release|Any CPU.ActiveCfg = Release|Any CPU
		{B0766827-9E56-48CA-A671-9E014153FC3F}.Release|Any CPU.Build.0 = Release|Any CPU
		{B0766827-9E56-48CA-A671-9E014153FC3F}.Release|Any CPU.Deploy.0 = Release|Any CPU
		{BC48ECD3-CB86-4FE6-A700-40FD9683C880}.Debug|Any CPU.ActiveCfg = Debug|Any CPU
		{BC48ECD3-CB86-4FE6-A700-40FD9683C880}.Debug|Any CPU.Build.0 = Debug|Any CPU
		{BC48ECD3-CB86-4FE6-A700-40FD9683C880}.Debug|Any CPU.Deploy.0 = Debug|Any CPU
		{BC48ECD3-CB86-4FE6-A700-40FD9683C880}.Release|Any CPU.ActiveCfg = Release|Any CPU
		{BC48ECD3-CB86-4FE6-A700-40FD9683C880}.Release|Any CPU.Build.0 = Release|Any CPU
		{BC48ECD3-CB86-4FE6-A700-40FD9683C880}.Release|Any CPU.Deploy.0 = Release|Any CPU
	EndGlobalSection
	GlobalSection(SolutionProperties) = preSolution
		HideSolutionNode = FALSE
	EndGlobalSection
	GlobalSection(ExtensibilityGlobals) = postSolution
		SolutionGuid = {4A509605-26C5-45A4-A65E-C6884273C2FB}
	EndGlobalSection
EndGlobal
