
Microsoft Visual Studio Solution File, Format Version 12.00
# Visual Studio Version 16
VisualStudioVersion = 16.0.30517.126
MinimumVisualStudioVersion = 10.0.40219.1
Project("{FAE04EC0-301F-11D3-BF4B-00C04F79EFBC}") = "AppProdutos.Android", "AppProdutos\AppProdutos.Android\AppProdutos.Android.csproj", "{802DC222-3B8E-4A84-8D4C-D152BAF881F1}"
EndProject
Project("{FAE04EC0-301F-11D3-BF4B-00C04F79EFBC}") = "AppProdutos.iOS", "AppProdutos\AppProdutos.iOS\AppProdutos.iOS.csproj", "{C6866BC8-972C-43ED-B075-0084EC6B8396}"
EndProject
Project("{FAE04EC0-301F-11D3-BF4B-00C04F79EFBC}") = "AppProdutos", "AppProdutos\AppProdutos\AppProdutos.csproj", "{58C84541-629E-42A0-956D-21F3B3564062}"
EndProject
Global
	GlobalSection(SolutionConfigurationPlatforms) = preSolution
		Debug|Any CPU = Debug|Any CPU
		Debug|iPhone = Debug|iPhone
		Debug|iPhoneSimulator = Debug|iPhoneSimulator
		Release|Any CPU = Release|Any CPU
		Release|iPhone = Release|iPhone
		Release|iPhoneSimulator = Release|iPhoneSimulator
	EndGlobalSection
	GlobalSection(ProjectConfigurationPlatforms) = postSolution
		{802DC222-3B8E-4A84-8D4C-D152BAF881F1}.Debug|Any CPU.ActiveCfg = Debug|Any CPU
		{802DC222-3B8E-4A84-8D4C-D152BAF881F1}.Debug|Any CPU.Build.0 = Debug|Any CPU
		{802DC222-3B8E-4A84-8D4C-D152BAF881F1}.Debug|Any CPU.Deploy.0 = Debug|Any CPU
		{802DC222-3B8E-4A84-8D4C-D152BAF881F1}.Debug|iPhone.ActiveCfg = Debug|Any CPU
		{802DC222-3B8E-4A84-8D4C-D152BAF881F1}.Debug|iPhone.Build.0 = Debug|Any CPU
		{802DC222-3B8E-4A84-8D4C-D152BAF881F1}.Debug|iPhone.Deploy.0 = Debug|Any CPU
		{802DC222-3B8E-4A84-8D4C-D152BAF881F1}.Debug|iPhoneSimulator.ActiveCfg = Debug|Any CPU
		{802DC222-3B8E-4A84-8D4C-D152BAF881F1}.Debug|iPhoneSimulator.Build.0 = Debug|Any CPU
		{802DC222-3B8E-4A84-8D4C-D152BAF881F1}.Debug|iPhoneSimulator.Deploy.0 = Debug|Any CPU
		{802DC222-3B8E-4A84-8D4C-D152BAF881F1}.Release|Any CPU.ActiveCfg = Release|Any CPU
		{802DC222-3B8E-4A84-8D4C-D152BAF881F1}.Release|Any CPU.Build.0 = Release|Any CPU
		{802DC222-3B8E-4A84-8D4C-D152BAF881F1}.Release|Any CPU.Deploy.0 = Release|Any CPU
		{802DC222-3B8E-4A84-8D4C-D152BAF881F1}.Release|iPhone.ActiveCfg = Release|Any CPU
		{802DC222-3B8E-4A84-8D4C-D152BAF881F1}.Release|iPhone.Build.0 = Release|Any CPU
		{802DC222-3B8E-4A84-8D4C-D152BAF881F1}.Release|iPhone.Deploy.0 = Release|Any CPU
		{802DC222-3B8E-4A84-8D4C-D152BAF881F1}.Release|iPhoneSimulator.ActiveCfg = Release|Any CPU
		{802DC222-3B8E-4A84-8D4C-D152BAF881F1}.Release|iPhoneSimulator.Build.0 = Release|Any CPU
		{802DC222-3B8E-4A84-8D4C-D152BAF881F1}.Release|iPhoneSimulator.Deploy.0 = Release|Any CPU
		{C6866BC8-972C-43ED-B075-0084EC6B8396}.Debug|Any CPU.ActiveCfg = Debug|iPhone
		{C6866BC8-972C-43ED-B075-0084EC6B8396}.Debug|Any CPU.Build.0 = Debug|iPhone
		{C6866BC8-972C-43ED-B075-0084EC6B8396}.Debug|Any CPU.Deploy.0 = Debug|iPhone
		{C6866BC8-972C-43ED-B075-0084EC6B8396}.Debug|iPhone.ActiveCfg = Debug|iPhone
		{C6866BC8-972C-43ED-B075-0084EC6B8396}.Debug|iPhone.Build.0 = Debug|iPhone
		{C6866BC8-972C-43ED-B075-0084EC6B8396}.Debug|iPhone.Deploy.0 = Debug|iPhone
		{C6866BC8-972C-43ED-B075-0084EC6B8396}.Debug|iPhoneSimulator.ActiveCfg = Debug|iPhoneSimulator
		{C6866BC8-972C-43ED-B075-0084EC6B8396}.Debug|iPhoneSimulator.Build.0 = Debug|iPhoneSimulator
		{C6866BC8-972C-43ED-B075-0084EC6B8396}.Debug|iPhoneSimulator.Deploy.0 = Debug|iPhoneSimulator
		{C6866BC8-972C-43ED-B075-0084EC6B8396}.Release|Any CPU.ActiveCfg = Release|iPhoneSimulator
		{C6866BC8-972C-43ED-B075-0084EC6B8396}.Release|Any CPU.Build.0 = Release|iPhoneSimulator
		{C6866BC8-972C-43ED-B075-0084EC6B8396}.Release|Any CPU.Deploy.0 = Release|iPhoneSimulator
		{C6866BC8-972C-43ED-B075-0084EC6B8396}.Release|iPhone.ActiveCfg = Release|iPhone
		{C6866BC8-972C-43ED-B075-0084EC6B8396}.Release|iPhone.Build.0 = Release|iPhone
		{C6866BC8-972C-43ED-B075-0084EC6B8396}.Release|iPhone.Deploy.0 = Release|iPhone
		{C6866BC8-972C-43ED-B075-0084EC6B8396}.Release|iPhoneSimulator.ActiveCfg = Release|iPhoneSimulator
		{C6866BC8-972C-43ED-B075-0084EC6B8396}.Release|iPhoneSimulator.Build.0 = Release|iPhoneSimulator
		{C6866BC8-972C-43ED-B075-0084EC6B8396}.Release|iPhoneSimulator.Deploy.0 = Release|iPhoneSimulator
		{58C84541-629E-42A0-956D-21F3B3564062}.Debug|Any CPU.ActiveCfg = Debug|Any CPU
		{58C84541-629E-42A0-956D-21F3B3564062}.Debug|Any CPU.Build.0 = Debug|Any CPU
		{58C84541-629E-42A0-956D-21F3B3564062}.Debug|Any CPU.Deploy.0 = Debug|Any CPU
		{58C84541-629E-42A0-956D-21F3B3564062}.Debug|iPhone.ActiveCfg = Debug|Any CPU
		{58C84541-629E-42A0-956D-21F3B3564062}.Debug|iPhone.Build.0 = Debug|Any CPU
		{58C84541-629E-42A0-956D-21F3B3564062}.Debug|iPhone.Deploy.0 = Debug|Any CPU
		{58C84541-629E-42A0-956D-21F3B3564062}.Debug|iPhoneSimulator.ActiveCfg = Debug|Any CPU
		{58C84541-629E-42A0-956D-21F3B3564062}.Debug|iPhoneSimulator.Build.0 = Debug|Any CPU
		{58C84541-629E-42A0-956D-21F3B3564062}.Debug|iPhoneSimulator.Deploy.0 = Debug|Any CPU
		{58C84541-629E-42A0-956D-21F3B3564062}.Release|Any CPU.ActiveCfg = Release|Any CPU
		{58C84541-629E-42A0-956D-21F3B3564062}.Release|Any CPU.Build.0 = Release|Any CPU
		{58C84541-629E-42A0-956D-21F3B3564062}.Release|Any CPU.Deploy.0 = Release|Any CPU
		{58C84541-629E-42A0-956D-21F3B3564062}.Release|iPhone.ActiveCfg = Release|Any CPU
		{58C84541-629E-42A0-956D-21F3B3564062}.Release|iPhone.Build.0 = Release|Any CPU
		{58C84541-629E-42A0-956D-21F3B3564062}.Release|iPhone.Deploy.0 = Release|Any CPU
		{58C84541-629E-42A0-956D-21F3B3564062}.Release|iPhoneSimulator.ActiveCfg = Release|Any CPU
		{58C84541-629E-42A0-956D-21F3B3564062}.Release|iPhoneSimulator.Build.0 = Release|Any CPU
		{58C84541-629E-42A0-956D-21F3B3564062}.Release|iPhoneSimulator.Deploy.0 = Release|Any CPU
	EndGlobalSection
	GlobalSection(SolutionProperties) = preSolution
		HideSolutionNode = FALSE
	EndGlobalSection
	GlobalSection(ExtensibilityGlobals) = postSolution
		SolutionGuid = {E29A352B-EA32-4389-95F8-9EAD3B668B12}
	EndGlobalSection
EndGlobal
