
Microsoft Visual Studio Solution File, Format Version 12.00
# Visual Studio Version 16
VisualStudioVersion = 16.0.30517.126
MinimumVisualStudioVersion = 10.0.40219.1
Project("{FAE04EC0-301F-11D3-BF4B-00C04F79EFBC}") = "App.Android", "App\App.Android\App.Android.csproj", "{6CABE501-D7BC-4C79-A2F0-292A0B3F5EFE}"
EndProject
Project("{FAE04EC0-301F-11D3-BF4B-00C04F79EFBC}") = "App", "App\App\App.csproj", "{5C3F3B5F-4A42-4237-87F8-474A8F19AC59}"
EndProject
Global
	GlobalSection(SolutionConfigurationPlatforms) = preSolution
		Debug|Any CPU = Debug|Any CPU
		Release|Any CPU = Release|Any CPU
	EndGlobalSection
	GlobalSection(ProjectConfigurationPlatforms) = postSolution
		{6CABE501-D7BC-4C79-A2F0-292A0B3F5EFE}.Debug|Any CPU.ActiveCfg = Debug|Any CPU
		{6CABE501-D7BC-4C79-A2F0-292A0B3F5EFE}.Debug|Any CPU.Build.0 = Debug|Any CPU
		{6CABE501-D7BC-4C79-A2F0-292A0B3F5EFE}.Debug|Any CPU.Deploy.0 = Debug|Any CPU
		{6CABE501-D7BC-4C79-A2F0-292A0B3F5EFE}.Release|Any CPU.ActiveCfg = Release|Any CPU
		{6CABE501-D7BC-4C79-A2F0-292A0B3F5EFE}.Release|Any CPU.Build.0 = Release|Any CPU
		{6CABE501-D7BC-4C79-A2F0-292A0B3F5EFE}.Release|Any CPU.Deploy.0 = Release|Any CPU
		{5C3F3B5F-4A42-4237-87F8-474A8F19AC59}.Debug|Any CPU.ActiveCfg = Debug|Any CPU
		{5C3F3B5F-4A42-4237-87F8-474A8F19AC59}.Debug|Any CPU.Build.0 = Debug|Any CPU
		{5C3F3B5F-4A42-4237-87F8-474A8F19AC59}.Debug|Any CPU.Deploy.0 = Debug|Any CPU
		{5C3F3B5F-4A42-4237-87F8-474A8F19AC59}.Release|Any CPU.ActiveCfg = Release|Any CPU
		{5C3F3B5F-4A42-4237-87F8-474A8F19AC59}.Release|Any CPU.Build.0 = Release|Any CPU
		{5C3F3B5F-4A42-4237-87F8-474A8F19AC59}.Release|Any CPU.Deploy.0 = Release|Any CPU
	EndGlobalSection
	GlobalSection(SolutionProperties) = preSolution
		HideSolutionNode = FALSE
	EndGlobalSection
	GlobalSection(ExtensibilityGlobals) = postSolution
		SolutionGuid = {E6F55C8E-569F-4BC8-92E1-052251443DDD}
	EndGlobalSection
EndGlobal
